
Microsoft Visual Studio Solution File, Format Version 12.00
# Visual Studio Version 17
VisualStudioVersion = 17.5.33414.496
MinimumVisualStudioVersion = 10.0.40219.1
Project("{FAE04EC0-301F-11D3-BF4B-00C04F79EFBC}") = "TournamentTree", "TournamentTree\TournamentTree.csproj", "{BC69D640-721A-499A-9D79-614125A06A74}"
EndProject
Global
	GlobalSection(SolutionConfigurationPlatforms) = preSolution
		Debug|Any CPU = Debug|Any CPU
		Release|Any CPU = Release|Any CPU
	EndGlobalSection
	GlobalSection(ProjectConfigurationPlatforms) = postSolution
		{BC69D640-721A-499A-9D79-614125A06A74}.Debug|Any CPU.ActiveCfg = Debug|Any CPU
		{BC69D640-721A-499A-9D79-614125A06A74}.Debug|Any CPU.Build.0 = Debug|Any CPU
		{BC69D640-721A-499A-9D79-614125A06A74}.Release|Any CPU.ActiveCfg = Release|Any CPU
		{BC69D640-721A-499A-9D79-614125A06A74}.Release|Any CPU.Build.0 = Release|Any CPU
	EndGlobalSection
	GlobalSection(SolutionProperties) = preSolution
		HideSolutionNode = FALSE
	EndGlobalSection
	GlobalSection(ExtensibilityGlobals) = postSolution
		SolutionGuid = {1C4F2DC6-B5BE-49D5-9051-9F6A5D569675}
	EndGlobalSection
EndGlobal
